
Microsoft Visual Studio Solution File, Format Version 12.00
# Visual Studio Version 17
VisualStudioVersion = 17.0.31903.59
MinimumVisualStudioVersion = 10.0.40219.1
Project("{2150E333-8FDC-42A3-9474-1A3956D46DE8}") = "src", "src", "{946A4E99-4DC0-4A38-8BF6-46DEA3CB1251}"
EndProject
Project("{FAE04EC0-301F-11D3-BF4B-00C04F79EFBC}") = "Axis.Api", "src\Axis.Api\Axis.Api.csproj", "{CAF6804E-1652-4317-A023-FCF92D81B833}"
EndProject
Project("{2150E333-8FDC-42A3-9474-1A3956D46DE8}") = "Shared", "Shared", "{EA02F25B-B85D-4B38-9778-7F59C4C74FE9}"
EndProject
Project("{FAE04EC0-301F-11D3-BF4B-00C04F79EFBC}") = "Axis.Shared.Domain", "src\Shared\Axis.Shared.Domain\Axis.Shared.Domain.csproj", "{B59B05F5-730D-4933-B81A-7D4469BB389C}"
EndProject
Project("{FAE04EC0-301F-11D3-BF4B-00C04F79EFBC}") = "Axis.Shared.Application", "src\Shared\Axis.Shared.Application\Axis.Shared.Application.csproj", "{232418C7-E8D1-4815-98F9-27C860672C73}"
EndProject
Project("{FAE04EC0-301F-11D3-BF4B-00C04F79EFBC}") = "Axis.Shared.Infrastructure", "src\Shared\Axis.Shared.Infrastructure\Axis.Shared.Infrastructure.csproj", "{33806D77-99AE-486C-8E4E-92D6CCA87E8F}"
EndProject
Project("{2150E333-8FDC-42A3-9474-1A3956D46DE8}") = "Modules", "Modules", "{941C5DC7-02E5-4AB9-AC43-B2943A3ADDDD}"
EndProject
Project("{2150E333-8FDC-42A3-9474-1A3956D46DE8}") = "Identity", "Identity", "{102749CF-FD0F-43A9-8BE3-29CE992DC751}"
EndProject
Project("{FAE04EC0-301F-11D3-BF4B-00C04F79EFBC}") = "Axis.Identity.Domain", "src\Modules\Identity\Axis.Identity.Domain\Axis.Identity.Domain.csproj", "{BFFFF3A3-D9BC-4D71-B996-8B372B6B28DE}"
EndProject
Project("{FAE04EC0-301F-11D3-BF4B-00C04F79EFBC}") = "Axis.Identity.Application", "src\Modules\Identity\Axis.Identity.Application\Axis.Identity.Application.csproj", "{73AC427A-7D20-407A-9F2D-44C816FB6A15}"
EndProject
Project("{FAE04EC0-301F-11D3-BF4B-00C04F79EFBC}") = "Axis.Identity.Infrastructure", "src\Modules\Identity\Axis.Identity.Infrastructure\Axis.Identity.Infrastructure.csproj", "{93166828-1117-4C7B-B321-432B4831EC58}"
EndProject
Project("{2150E333-8FDC-42A3-9474-1A3956D46DE8}") = "tests", "tests", "{490F0ECE-E9CA-4679-86C5-7B785F0B09D2}"
EndProject
Project("{2150E333-8FDC-42A3-9474-1A3956D46DE8}") = "Shared", "Shared", "{1954FA8D-7A7E-42F7-B92E-1187F56F0051}"
EndProject
Project("{FAE04EC0-301F-11D3-BF4B-00C04F79EFBC}") = "Axis.Shared.Domain.Tests", "tests\Shared\Axis.Shared.Domain.Tests\Axis.Shared.Domain.Tests.csproj", "{20EA3F28-8DB7-455E-9F41-8DD51EE4BE17}"
EndProject
Project("{FAE04EC0-301F-11D3-BF4B-00C04F79EFBC}") = "Axis.Shared.Application.Tests", "tests\Shared\Axis.Shared.Application.Tests\Axis.Shared.Application.Tests.csproj", "{AB993006-C152-4C7A-B0FE-C5F90C871451}"
EndProject
Project("{2150E333-8FDC-42A3-9474-1A3956D46DE8}") = "Api", "Api", "{4AC0DB43-965B-4370-BFE6-B4D976C40237}"
EndProject
Project("{FAE04EC0-301F-11D3-BF4B-00C04F79EFBC}") = "Axis.Api.Tests", "tests\Api\Axis.Api.Tests\Axis.Api.Tests.csproj", "{196E16A3-8377-4E42-9D47-8ABE8887B199}"
EndProject
Project("{2150E333-8FDC-42A3-9474-1A3956D46DE8}") = "Modules", "Modules", "{7316CD61-2DE2-46B8-888B-03BB1125F1A5}"
EndProject
Project("{2150E333-8FDC-42A3-9474-1A3956D46DE8}") = "Identity", "Identity", "{7D65AF61-16D5-40C9-BBF5-645BD0B0EFD9}"
EndProject
Project("{FAE04EC0-301F-11D3-BF4B-00C04F79EFBC}") = "Axis.Identity.Domain.Tests", "tests\Modules\Identity\Axis.Identity.Domain.Tests\Axis.Identity.Domain.Tests.csproj", "{98348E38-07A7-4398-A410-997BE6BDDA4D}"
EndProject
Project("{FAE04EC0-301F-11D3-BF4B-00C04F79EFBC}") = "Axis.Identity.Application.Tests", "tests\Modules\Identity\Axis.Identity.Application.Tests\Axis.Identity.Application.Tests.csproj", "{E0CD6E1D-A882-4858-BC75-5976943E70C6}"
EndProject
Project("{FAE04EC0-301F-11D3-BF4B-00C04F79EFBC}") = "Axis.Identity.Infrastructure.Tests", "tests\Modules\Identity\Axis.Identity.Infrastructure.Tests\Axis.Identity.Infrastructure.Tests.csproj", "{CDA902DC-5F9D-4E51-8C5E-B4DF105CDF4A}"
EndProject
Project("{FAE04EC0-301F-11D3-BF4B-00C04F79EFBC}") = "Axis.Testing", "tests\Shared\Axis.Testing\Axis.Testing.csproj", "{2F9B575F-3B1B-4361-A5C1-6748A2237278}"
EndProject
Project("{2150E333-8FDC-42A3-9474-1A3956D46DE8}") = "Architecture", "Architecture", "{D41EF59B-94DD-8F5E-06DC-E7DE3AEE5F94}"
EndProject
Project("{FAE04EC0-301F-11D3-BF4B-00C04F79EFBC}") = "Axis.Architecture.Tests", "tests\Architecture\Axis.Architecture.Tests\Axis.Architecture.Tests.csproj", "{5863BF69-495F-4BFA-AE4D-1E7C67E488D0}"
EndProject
Project("{2150E333-8FDC-42A3-9474-1A3956D46DE8}") = "Objects", "Objects", "{7712DC8E-8596-4E5A-A84C-93B50A90FFF7}"
EndProject
Project("{FAE04EC0-301F-11D3-BF4B-00C04F79EFBC}") = "Axis.Objects.Domain", "src\Modules\Objects\Axis.Objects.Domain\Axis.Objects.Domain.csproj", "{0051926D-8DDE-49C0-870A-C5C526BAA2E1}"
EndProject
Project("{FAE04EC0-301F-11D3-BF4B-00C04F79EFBC}") = "Axis.Objects.Application", "src\Modules\Objects\Axis.Objects.Application\Axis.Objects.Application.csproj", "{372F2CDC-E95F-4C05-914C-70C42C5212C3}"
EndProject
Project("{FAE04EC0-301F-11D3-BF4B-00C04F79EFBC}") = "Axis.Objects.Infrastructure", "src\Modules\Objects\Axis.Objects.Infrastructure\Axis.Objects.Infrastructure.csproj", "{F7C9139B-4BD7-4D0E-8617-9F4A00219E06}"
EndProject
Project("{2150E333-8FDC-42A3-9474-1A3956D46DE8}") = "Objects", "Objects", "{45708E59-E6DB-4E80-8D48-98EFBF80C4A6}"
EndProject
Project("{FAE04EC0-301F-11D3-BF4B-00C04F79EFBC}") = "Axis.Objects.Domain.Tests", "tests\Modules\Objects\Axis.Objects.Domain.Tests\Axis.Objects.Domain.Tests.csproj", "{BD4619C9-305D-4D36-ADAC-1DEC273159E1}"
EndProject
Project("{FAE04EC0-301F-11D3-BF4B-00C04F79EFBC}") = "Axis.Objects.Application.Tests", "tests\Modules\Objects\Axis.Objects.Application.Tests\Axis.Objects.Application.Tests.csproj", "{572DCBFE-4ABF-4067-B927-73692B6E8DED}"
EndProject
Project("{FAE04EC0-301F-11D3-BF4B-00C04F79EFBC}") = "Axis.Objects.Infrastructure.Tests", "tests\Modules\Objects\Axis.Objects.Infrastructure.Tests\Axis.Objects.Infrastructure.Tests.csproj", "{8E4DDC0A-0807-4BBE-82C3-562C201ED157}"
EndProject
Project("{2150E333-8FDC-42A3-9474-1A3956D46DE8}") = "Rules", "Rules", "{E251C441-73E6-40B4-A01E-2D1900F968D1}"
EndProject
Project("{FAE04EC0-301F-11D3-BF4B-00C04F79EFBC}") = "Axis.Rules.Contracts", "src\Modules\Rules\Axis.Rules.Contracts\Axis.Rules.Contracts.csproj", "{D630D12B-B3F9-46D1-9D87-575C5E1F93A6}"
EndProject
Project("{FAE04EC0-301F-11D3-BF4B-00C04F79EFBC}") = "Axis.Rules.Domain", "src\Modules\Rules\Axis.Rules.Domain\Axis.Rules.Domain.csproj", "{2A9EDE46-7B37-4E56-A216-6C549264060B}"
EndProject
Project("{FAE04EC0-301F-11D3-BF4B-00C04F79EFBC}") = "Axis.Rules.Application", "src\Modules\Rules\Axis.Rules.Application\Axis.Rules.Application.csproj", "{535F21A5-863F-4E51-B85D-DF6255A75592}"
EndProject
Project("{FAE04EC0-301F-11D3-BF4B-00C04F79EFBC}") = "Axis.Rules.Infrastructure", "src\Modules\Rules\Axis.Rules.Infrastructure\Axis.Rules.Infrastructure.csproj", "{9E31101C-1E6A-4A4F-B1BE-B35EE9959C61}"
EndProject
Project("{2150E333-8FDC-42A3-9474-1A3956D46DE8}") = "Rules", "Rules", "{024D0B42-BAC2-425D-BF27-B199073B0FF5}"
EndProject
Project("{FAE04EC0-301F-11D3-BF4B-00C04F79EFBC}") = "Axis.Rules.Domain.Tests", "tests\Modules\Rules\Axis.Rules.Domain.Tests\Axis.Rules.Domain.Tests.csproj", "{7ACE7A85-B835-42EC-A8B4-F610F010A0F3}"
EndProject
Project("{FAE04EC0-301F-11D3-BF4B-00C04F79EFBC}") = "Axis.Rules.Application.Tests", "tests\Modules\Rules\Axis.Rules.Application.Tests\Axis.Rules.Application.Tests.csproj", "{37A41CC9-D843-40DA-9231-E0BBBC8314A5}"
EndProject
Global
	GlobalSection(SolutionConfigurationPlatforms) = preSolution
		Debug|Any CPU = Debug|Any CPU
		Debug|x64 = Debug|x64
		Debug|x86 = Debug|x86
		Release|Any CPU = Release|Any CPU
		Release|x64 = Release|x64
		Release|x86 = Release|x86
	EndGlobalSection
	GlobalSection(ProjectConfigurationPlatforms) = postSolution
		{CAF6804E-1652-4317-A023-FCF92D81B833}.Debug|Any CPU.ActiveCfg = Debug|Any CPU
		{CAF6804E-1652-4317-A023-FCF92D81B833}.Debug|Any CPU.Build.0 = Debug|Any CPU
		{CAF6804E-1652-4317-A023-FCF92D81B833}.Debug|x64.ActiveCfg = Debug|Any CPU
		{CAF6804E-1652-4317-A023-FCF92D81B833}.Debug|x64.Build.0 = Debug|Any CPU
		{CAF6804E-1652-4317-A023-FCF92D81B833}.Debug|x86.ActiveCfg = Debug|Any CPU
		{CAF6804E-1652-4317-A023-FCF92D81B833}.Debug|x86.Build.0 = Debug|Any CPU
		{CAF6804E-1652-4317-A023-FCF92D81B833}.Release|Any CPU.ActiveCfg = Release|Any CPU
		{CAF6804E-1652-4317-A023-FCF92D81B833}.Release|Any CPU.Build.0 = Release|Any CPU
		{CAF6804E-1652-4317-A023-FCF92D81B833}.Release|x64.ActiveCfg = Release|Any CPU
		{CAF6804E-1652-4317-A023-FCF92D81B833}.Release|x64.Build.0 = Release|Any CPU
		{CAF6804E-1652-4317-A023-FCF92D81B833}.Release|x86.ActiveCfg = Release|Any CPU
		{CAF6804E-1652-4317-A023-FCF92D81B833}.Release|x86.Build.0 = Release|Any CPU
		{B59B05F5-730D-4933-B81A-7D4469BB389C}.Debug|Any CPU.ActiveCfg = Debug|Any CPU
		{B59B05F5-730D-4933-B81A-7D4469BB389C}.Debug|Any CPU.Build.0 = Debug|Any CPU
		{B59B05F5-730D-4933-B81A-7D4469BB389C}.Debug|x64.ActiveCfg = Debug|Any CPU
		{B59B05F5-730D-4933-B81A-7D4469BB389C}.Debug|x64.Build.0 = Debug|Any CPU
		{B59B05F5-730D-4933-B81A-7D4469BB389C}.Debug|x86.ActiveCfg = Debug|Any CPU
		{B59B05F5-730D-4933-B81A-7D4469BB389C}.Debug|x86.Build.0 = Debug|Any CPU
		{B59B05F5-730D-4933-B81A-7D4469BB389C}.Release|Any CPU.ActiveCfg = Release|Any CPU
		{B59B05F5-730D-4933-B81A-7D4469BB389C}.Release|Any CPU.Build.0 = Release|Any CPU
		{B59B05F5-730D-4933-B81A-7D4469BB389C}.Release|x64.ActiveCfg = Release|Any CPU
		{B59B05F5-730D-4933-B81A-7D4469BB389C}.Release|x64.Build.0 = Release|Any CPU
		{B59B05F5-730D-4933-B81A-7D4469BB389C}.Release|x86.ActiveCfg = Release|Any CPU
		{B59B05F5-730D-4933-B81A-7D4469BB389C}.Release|x86.Build.0 = Release|Any CPU
		{232418C7-E8D1-4815-98F9-27C860672C73}.Debug|Any CPU.ActiveCfg = Debug|Any CPU
		{232418C7-E8D1-4815-98F9-27C860672C73}.Debug|Any CPU.Build.0 = Debug|Any CPU
		{232418C7-E8D1-4815-98F9-27C860672C73}.Debug|x64.ActiveCfg = Debug|Any CPU
		{232418C7-E8D1-4815-98F9-27C860672C73}.Debug|x64.Build.0 = Debug|Any CPU
		{232418C7-E8D1-4815-98F9-27C860672C73}.Debug|x86.ActiveCfg = Debug|Any CPU
		{232418C7-E8D1-4815-98F9-27C860672C73}.Debug|x86.Build.0 = Debug|Any CPU
		{232418C7-E8D1-4815-98F9-27C860672C73}.Release|Any CPU.ActiveCfg = Release|Any CPU
		{232418C7-E8D1-4815-98F9-27C860672C73}.Release|Any CPU.Build.0 = Release|Any CPU
		{232418C7-E8D1-4815-98F9-27C860672C73}.Release|x64.ActiveCfg = Release|Any CPU
		{232418C7-E8D1-4815-98F9-27C860672C73}.Release|x64.Build.0 = Release|Any CPU
		{232418C7-E8D1-4815-98F9-27C860672C73}.Release|x86.ActiveCfg = Release|Any CPU
		{232418C7-E8D1-4815-98F9-27C860672C73}.Release|x86.Build.0 = Release|Any CPU
		{33806D77-99AE-486C-8E4E-92D6CCA87E8F}.Debug|Any CPU.ActiveCfg = Debug|Any CPU
		{33806D77-99AE-486C-8E4E-92D6CCA87E8F}.Debug|Any CPU.Build.0 = Debug|Any CPU
		{33806D77-99AE-486C-8E4E-92D6CCA87E8F}.Debug|x64.ActiveCfg = Debug|Any CPU
		{33806D77-99AE-486C-8E4E-92D6CCA87E8F}.Debug|x64.Build.0 = Debug|Any CPU
		{33806D77-99AE-486C-8E4E-92D6CCA87E8F}.Debug|x86.ActiveCfg = Debug|Any CPU
		{33806D77-99AE-486C-8E4E-92D6CCA87E8F}.Debug|x86.Build.0 = Debug|Any CPU
		{33806D77-99AE-486C-8E4E-92D6CCA87E8F}.Release|Any CPU.ActiveCfg = Release|Any CPU
		{33806D77-99AE-486C-8E4E-92D6CCA87E8F}.Release|Any CPU.Build.0 = Release|Any CPU
		{33806D77-99AE-486C-8E4E-92D6CCA87E8F}.Release|x64.ActiveCfg = Release|Any CPU
		{33806D77-99AE-486C-8E4E-92D6CCA87E8F}.Release|x64.Build.0 = Release|Any CPU
		{33806D77-99AE-486C-8E4E-92D6CCA87E8F}.Release|x86.ActiveCfg = Release|Any CPU
		{33806D77-99AE-486C-8E4E-92D6CCA87E8F}.Release|x86.Build.0 = Release|Any CPU
		{BFFFF3A3-D9BC-4D71-B996-8B372B6B28DE}.Debug|Any CPU.ActiveCfg = Debug|Any CPU
		{BFFFF3A3-D9BC-4D71-B996-8B372B6B28DE}.Debug|Any CPU.Build.0 = Debug|Any CPU
		{BFFFF3A3-D9BC-4D71-B996-8B372B6B28DE}.Debug|x64.ActiveCfg = Debug|Any CPU
		{BFFFF3A3-D9BC-4D71-B996-8B372B6B28DE}.Debug|x64.Build.0 = Debug|Any CPU
		{BFFFF3A3-D9BC-4D71-B996-8B372B6B28DE}.Debug|x86.ActiveCfg = Debug|Any CPU
		{BFFFF3A3-D9BC-4D71-B996-8B372B6B28DE}.Debug|x86.Build.0 = Debug|Any CPU
		{BFFFF3A3-D9BC-4D71-B996-8B372B6B28DE}.Release|Any CPU.ActiveCfg = Release|Any CPU
		{BFFFF3A3-D9BC-4D71-B996-8B372B6B28DE}.Release|Any CPU.Build.0 = Release|Any CPU
		{BFFFF3A3-D9BC-4D71-B996-8B372B6B28DE}.Release|x64.ActiveCfg = Release|Any CPU
		{BFFFF3A3-D9BC-4D71-B996-8B372B6B28DE}.Release|x64.Build.0 = Release|Any CPU
		{BFFFF3A3-D9BC-4D71-B996-8B372B6B28DE}.Release|x86.ActiveCfg = Release|Any CPU
		{BFFFF3A3-D9BC-4D71-B996-8B372B6B28DE}.Release|x86.Build.0 = Release|Any CPU
		{73AC427A-7D20-407A-9F2D-44C816FB6A15}.Debug|Any CPU.ActiveCfg = Debug|Any CPU
		{73AC427A-7D20-407A-9F2D-44C816FB6A15}.Debug|Any CPU.Build.0 = Debug|Any CPU
		{73AC427A-7D20-407A-9F2D-44C816FB6A15}.Debug|x64.ActiveCfg = Debug|Any CPU
		{73AC427A-7D20-407A-9F2D-44C816FB6A15}.Debug|x64.Build.0 = Debug|Any CPU
		{73AC427A-7D20-407A-9F2D-44C816FB6A15}.Debug|x86.ActiveCfg = Debug|Any CPU
		{73AC427A-7D20-407A-9F2D-44C816FB6A15}.Debug|x86.Build.0 = Debug|Any CPU
		{73AC427A-7D20-407A-9F2D-44C816FB6A15}.Release|Any CPU.ActiveCfg = Release|Any CPU
		{73AC427A-7D20-407A-9F2D-44C816FB6A15}.Release|Any CPU.Build.0 = Release|Any CPU
		{73AC427A-7D20-407A-9F2D-44C816FB6A15}.Release|x64.ActiveCfg = Release|Any CPU
		{73AC427A-7D20-407A-9F2D-44C816FB6A15}.Release|x64.Build.0 = Release|Any CPU
		{73AC427A-7D20-407A-9F2D-44C816FB6A15}.Release|x86.ActiveCfg = Release|Any CPU
		{73AC427A-7D20-407A-9F2D-44C816FB6A15}.Release|x86.Build.0 = Release|Any CPU
		{93166828-1117-4C7B-B321-432B4831EC58}.Debug|Any CPU.ActiveCfg = Debug|Any CPU
		{93166828-1117-4C7B-B321-432B4831EC58}.Debug|Any CPU.Build.0 = Debug|Any CPU
		{93166828-1117-4C7B-B321-432B4831EC58}.Debug|x64.ActiveCfg = Debug|Any CPU
		{93166828-1117-4C7B-B321-432B4831EC58}.Debug|x64.Build.0 = Debug|Any CPU
		{93166828-1117-4C7B-B321-432B4831EC58}.Debug|x86.ActiveCfg = Debug|Any CPU
		{93166828-1117-4C7B-B321-432B4831EC58}.Debug|x86.Build.0 = Debug|Any CPU
		{93166828-1117-4C7B-B321-432B4831EC58}.Release|Any CPU.ActiveCfg = Release|Any CPU
		{93166828-1117-4C7B-B321-432B4831EC58}.Release|Any CPU.Build.0 = Release|Any CPU
		{93166828-1117-4C7B-B321-432B4831EC58}.Release|x64.ActiveCfg = Release|Any CPU
		{93166828-1117-4C7B-B321-432B4831EC58}.Release|x64.Build.0 = Release|Any CPU
		{93166828-1117-4C7B-B321-432B4831EC58}.Release|x86.ActiveCfg = Release|Any CPU
		{93166828-1117-4C7B-B321-432B4831EC58}.Release|x86.Build.0 = Release|Any CPU
		{20EA3F28-8DB7-455E-9F41-8DD51EE4BE17}.Debug|Any CPU.ActiveCfg = Debug|Any CPU
		{20EA3F28-8DB7-455E-9F41-8DD51EE4BE17}.Debug|Any CPU.Build.0 = Debug|Any CPU
		{20EA3F28-8DB7-455E-9F41-8DD51EE4BE17}.Debug|x64.ActiveCfg = Debug|Any CPU
		{20EA3F28-8DB7-455E-9F41-8DD51EE4BE17}.Debug|x64.Build.0 = Debug|Any CPU
		{20EA3F28-8DB7-455E-9F41-8DD51EE4BE17}.Debug|x86.ActiveCfg = Debug|Any CPU
		{20EA3F28-8DB7-455E-9F41-8DD51EE4BE17}.Debug|x86.Build.0 = Debug|Any CPU
		{20EA3F28-8DB7-455E-9F41-8DD51EE4BE17}.Release|Any CPU.ActiveCfg = Release|Any CPU
		{20EA3F28-8DB7-455E-9F41-8DD51EE4BE17}.Release|Any CPU.Build.0 = Release|Any CPU
		{20EA3F28-8DB7-455E-9F41-8DD51EE4BE17}.Release|x64.ActiveCfg = Release|Any CPU
		{20EA3F28-8DB7-455E-9F41-8DD51EE4BE17}.Release|x64.Build.0 = Release|Any CPU
		{20EA3F28-8DB7-455E-9F41-8DD51EE4BE17}.Release|x86.ActiveCfg = Release|Any CPU
		{20EA3F28-8DB7-455E-9F41-8DD51EE4BE17}.Release|x86.Build.0 = Release|Any CPU
		{AB993006-C152-4C7A-B0FE-C5F90C871451}.Debug|Any CPU.ActiveCfg = Debug|Any CPU
		{AB993006-C152-4C7A-B0FE-C5F90C871451}.Debug|Any CPU.Build.0 = Debug|Any CPU
		{AB993006-C152-4C7A-B0FE-C5F90C871451}.Debug|x64.ActiveCfg = Debug|Any CPU
		{AB993006-C152-4C7A-B0FE-C5F90C871451}.Debug|x64.Build.0 = Debug|Any CPU
		{AB993006-C152-4C7A-B0FE-C5F90C871451}.Debug|x86.ActiveCfg = Debug|Any CPU
		{AB993006-C152-4C7A-B0FE-C5F90C871451}.Debug|x86.Build.0 = Debug|Any CPU
		{AB993006-C152-4C7A-B0FE-C5F90C871451}.Release|Any CPU.ActiveCfg = Release|Any CPU
		{AB993006-C152-4C7A-B0FE-C5F90C871451}.Release|Any CPU.Build.0 = Release|Any CPU
		{AB993006-C152-4C7A-B0FE-C5F90C871451}.Release|x64.ActiveCfg = Release|Any CPU
		{AB993006-C152-4C7A-B0FE-C5F90C871451}.Release|x64.Build.0 = Release|Any CPU
		{AB993006-C152-4C7A-B0FE-C5F90C871451}.Release|x86.ActiveCfg = Release|Any CPU
		{AB993006-C152-4C7A-B0FE-C5F90C871451}.Release|x86.Build.0 = Release|Any CPU
		{196E16A3-8377-4E42-9D47-8ABE8887B199}.Debug|Any CPU.ActiveCfg = Debug|Any CPU
		{196E16A3-8377-4E42-9D47-8ABE8887B199}.Debug|Any CPU.Build.0 = Debug|Any CPU
		{196E16A3-8377-4E42-9D47-8ABE8887B199}.Debug|x64.ActiveCfg = Debug|Any CPU
		{196E16A3-8377-4E42-9D47-8ABE8887B199}.Debug|x64.Build.0 = Debug|Any CPU
		{196E16A3-8377-4E42-9D47-8ABE8887B199}.Debug|x86.ActiveCfg = Debug|Any CPU
		{196E16A3-8377-4E42-9D47-8ABE8887B199}.Debug|x86.Build.0 = Debug|Any CPU
		{196E16A3-8377-4E42-9D47-8ABE8887B199}.Release|Any CPU.ActiveCfg = Release|Any CPU
		{196E16A3-8377-4E42-9D47-8ABE8887B199}.Release|Any CPU.Build.0 = Release|Any CPU
		{196E16A3-8377-4E42-9D47-8ABE8887B199}.Release|x64.ActiveCfg = Release|Any CPU
		{196E16A3-8377-4E42-9D47-8ABE8887B199}.Release|x64.Build.0 = Release|Any CPU
		{196E16A3-8377-4E42-9D47-8ABE8887B199}.Release|x86.ActiveCfg = Release|Any CPU
		{196E16A3-8377-4E42-9D47-8ABE8887B199}.Release|x86.Build.0 = Release|Any CPU
		{98348E38-07A7-4398-A410-997BE6BDDA4D}.Debug|Any CPU.ActiveCfg = Debug|Any CPU
		{98348E38-07A7-4398-A410-997BE6BDDA4D}.Debug|Any CPU.Build.0 = Debug|Any CPU
		{98348E38-07A7-4398-A410-997BE6BDDA4D}.Debug|x64.ActiveCfg = Debug|Any CPU
		{98348E38-07A7-4398-A410-997BE6BDDA4D}.Debug|x64.Build.0 = Debug|Any CPU
		{98348E38-07A7-4398-A410-997BE6BDDA4D}.Debug|x86.ActiveCfg = Debug|Any CPU
		{98348E38-07A7-4398-A410-997BE6BDDA4D}.Debug|x86.Build.0 = Debug|Any CPU
		{98348E38-07A7-4398-A410-997BE6BDDA4D}.Release|Any CPU.ActiveCfg = Release|Any CPU
		{98348E38-07A7-4398-A410-997BE6BDDA4D}.Release|Any CPU.Build.0 = Release|Any CPU
		{98348E38-07A7-4398-A410-997BE6BDDA4D}.Release|x64.ActiveCfg = Release|Any CPU
		{98348E38-07A7-4398-A410-997BE6BDDA4D}.Release|x64.Build.0 = Release|Any CPU
		{98348E38-07A7-4398-A410-997BE6BDDA4D}.Release|x86.ActiveCfg = Release|Any CPU
		{98348E38-07A7-4398-A410-997BE6BDDA4D}.Release|x86.Build.0 = Release|Any CPU
		{E0CD6E1D-A882-4858-BC75-5976943E70C6}.Debug|Any CPU.ActiveCfg = Debug|Any CPU
		{E0CD6E1D-A882-4858-BC75-5976943E70C6}.Debug|Any CPU.Build.0 = Debug|Any CPU
		{E0CD6E1D-A882-4858-BC75-5976943E70C6}.Debug|x64.ActiveCfg = Debug|Any CPU
		{E0CD6E1D-A882-4858-BC75-5976943E70C6}.Debug|x64.Build.0 = Debug|Any CPU
		{E0CD6E1D-A882-4858-BC75-5976943E70C6}.Debug|x86.ActiveCfg = Debug|Any CPU
		{E0CD6E1D-A882-4858-BC75-5976943E70C6}.Debug|x86.Build.0 = Debug|Any CPU
		{E0CD6E1D-A882-4858-BC75-5976943E70C6}.Release|Any CPU.ActiveCfg = Release|Any CPU
		{E0CD6E1D-A882-4858-BC75-5976943E70C6}.Release|Any CPU.Build.0 = Release|Any CPU
		{E0CD6E1D-A882-4858-BC75-5976943E70C6}.Release|x64.ActiveCfg = Release|Any CPU
		{E0CD6E1D-A882-4858-BC75-5976943E70C6}.Release|x64.Build.0 = Release|Any CPU
		{E0CD6E1D-A882-4858-BC75-5976943E70C6}.Release|x86.ActiveCfg = Release|Any CPU
		{E0CD6E1D-A882-4858-BC75-5976943E70C6}.Release|x86.Build.0 = Release|Any CPU
		{CDA902DC-5F9D-4E51-8C5E-B4DF105CDF4A}.Debug|Any CPU.ActiveCfg = Debug|Any CPU
		{CDA902DC-5F9D-4E51-8C5E-B4DF105CDF4A}.Debug|Any CPU.Build.0 = Debug|Any CPU
		{CDA902DC-5F9D-4E51-8C5E-B4DF105CDF4A}.Debug|x64.ActiveCfg = Debug|Any CPU
		{CDA902DC-5F9D-4E51-8C5E-B4DF105CDF4A}.Debug|x64.Build.0 = Debug|Any CPU
		{CDA902DC-5F9D-4E51-8C5E-B4DF105CDF4A}.Debug|x86.ActiveCfg = Debug|Any CPU
		{CDA902DC-5F9D-4E51-8C5E-B4DF105CDF4A}.Debug|x86.Build.0 = Debug|Any CPU
		{CDA902DC-5F9D-4E51-8C5E-B4DF105CDF4A}.Release|Any CPU.ActiveCfg = Release|Any CPU
		{CDA902DC-5F9D-4E51-8C5E-B4DF105CDF4A}.Release|Any CPU.Build.0 = Release|Any CPU
		{CDA902DC-5F9D-4E51-8C5E-B4DF105CDF4A}.Release|x64.ActiveCfg = Release|Any CPU
		{CDA902DC-5F9D-4E51-8C5E-B4DF105CDF4A}.Release|x64.Build.0 = Release|Any CPU
		{CDA902DC-5F9D-4E51-8C5E-B4DF105CDF4A}.Release|x86.ActiveCfg = Release|Any CPU
		{CDA902DC-5F9D-4E51-8C5E-B4DF105CDF4A}.Release|x86.Build.0 = Release|Any CPU
		{2F9B575F-3B1B-4361-A5C1-6748A2237278}.Debug|Any CPU.ActiveCfg = Debug|Any CPU
		{2F9B575F-3B1B-4361-A5C1-6748A2237278}.Debug|Any CPU.Build.0 = Debug|Any CPU
		{2F9B575F-3B1B-4361-A5C1-6748A2237278}.Debug|x64.ActiveCfg = Debug|Any CPU
		{2F9B575F-3B1B-4361-A5C1-6748A2237278}.Debug|x64.Build.0 = Debug|Any CPU
		{2F9B575F-3B1B-4361-A5C1-6748A2237278}.Debug|x86.ActiveCfg = Debug|Any CPU
		{2F9B575F-3B1B-4361-A5C1-6748A2237278}.Debug|x86.Build.0 = Debug|Any CPU
		{2F9B575F-3B1B-4361-A5C1-6748A2237278}.Release|Any CPU.ActiveCfg = Release|Any CPU
		{2F9B575F-3B1B-4361-A5C1-6748A2237278}.Release|Any CPU.Build.0 = Release|Any CPU
		{2F9B575F-3B1B-4361-A5C1-6748A2237278}.Release|x64.ActiveCfg = Release|Any CPU
		{2F9B575F-3B1B-4361-A5C1-6748A2237278}.Release|x64.Build.0 = Release|Any CPU
		{2F9B575F-3B1B-4361-A5C1-6748A2237278}.Release|x86.ActiveCfg = Release|Any CPU
		{2F9B575F-3B1B-4361-A5C1-6748A2237278}.Release|x86.Build.0 = Release|Any CPU
		{5863BF69-495F-4BFA-AE4D-1E7C67E488D0}.Debug|Any CPU.ActiveCfg = Debug|Any CPU
		{5863BF69-495F-4BFA-AE4D-1E7C67E488D0}.Debug|Any CPU.Build.0 = Debug|Any CPU
		{5863BF69-495F-4BFA-AE4D-1E7C67E488D0}.Debug|x64.ActiveCfg = Debug|Any CPU
		{5863BF69-495F-4BFA-AE4D-1E7C67E488D0}.Debug|x64.Build.0 = Debug|Any CPU
		{5863BF69-495F-4BFA-AE4D-1E7C67E488D0}.Debug|x86.ActiveCfg = Debug|Any CPU
		{5863BF69-495F-4BFA-AE4D-1E7C67E488D0}.Debug|x86.Build.0 = Debug|Any CPU
		{5863BF69-495F-4BFA-AE4D-1E7C67E488D0}.Release|Any CPU.ActiveCfg = Release|Any CPU
		{5863BF69-495F-4BFA-AE4D-1E7C67E488D0}.Release|Any CPU.Build.0 = Release|Any CPU
		{5863BF69-495F-4BFA-AE4D-1E7C67E488D0}.Release|x64.ActiveCfg = Release|Any CPU
		{5863BF69-495F-4BFA-AE4D-1E7C67E488D0}.Release|x64.Build.0 = Release|Any CPU
		{5863BF69-495F-4BFA-AE4D-1E7C67E488D0}.Release|x86.ActiveCfg = Release|Any CPU
		{5863BF69-495F-4BFA-AE4D-1E7C67E488D0}.Release|x86.Build.0 = Release|Any CPU
		{0051926D-8DDE-49C0-870A-C5C526BAA2E1}.Debug|Any CPU.ActiveCfg = Debug|Any CPU
		{0051926D-8DDE-49C0-870A-C5C526BAA2E1}.Debug|Any CPU.Build.0 = Debug|Any CPU
		{0051926D-8DDE-49C0-870A-C5C526BAA2E1}.Debug|x64.ActiveCfg = Debug|Any CPU
		{0051926D-8DDE-49C0-870A-C5C526BAA2E1}.Debug|x64.Build.0 = Debug|Any CPU
		{0051926D-8DDE-49C0-870A-C5C526BAA2E1}.Debug|x86.ActiveCfg = Debug|Any CPU
		{0051926D-8DDE-49C0-870A-C5C526BAA2E1}.Debug|x86.Build.0 = Debug|Any CPU
		{0051926D-8DDE-49C0-870A-C5C526BAA2E1}.Release|Any CPU.ActiveCfg = Release|Any CPU
		{0051926D-8DDE-49C0-870A-C5C526BAA2E1}.Release|Any CPU.Build.0 = Release|Any CPU
		{0051926D-8DDE-49C0-870A-C5C526BAA2E1}.Release|x64.ActiveCfg = Release|Any CPU
		{0051926D-8DDE-49C0-870A-C5C526BAA2E1}.Release|x64.Build.0 = Release|Any CPU
		{0051926D-8DDE-49C0-870A-C5C526BAA2E1}.Release|x86.ActiveCfg = Release|Any CPU
		{0051926D-8DDE-49C0-870A-C5C526BAA2E1}.Release|x86.Build.0 = Release|Any CPU
		{372F2CDC-E95F-4C05-914C-70C42C5212C3}.Debug|Any CPU.ActiveCfg = Debug|Any CPU
		{372F2CDC-E95F-4C05-914C-70C42C5212C3}.Debug|Any CPU.Build.0 = Debug|Any CPU
		{372F2CDC-E95F-4C05-914C-70C42C5212C3}.Debug|x64.ActiveCfg = Debug|Any CPU
		{372F2CDC-E95F-4C05-914C-70C42C5212C3}.Debug|x64.Build.0 = Debug|Any CPU
		{372F2CDC-E95F-4C05-914C-70C42C5212C3}.Debug|x86.ActiveCfg = Debug|Any CPU
		{372F2CDC-E95F-4C05-914C-70C42C5212C3}.Debug|x86.Build.0 = Debug|Any CPU
		{372F2CDC-E95F-4C05-914C-70C42C5212C3}.Release|Any CPU.ActiveCfg = Release|Any CPU
		{372F2CDC-E95F-4C05-914C-70C42C5212C3}.Release|Any CPU.Build.0 = Release|Any CPU
		{372F2CDC-E95F-4C05-914C-70C42C5212C3}.Release|x64.ActiveCfg = Release|Any CPU
		{372F2CDC-E95F-4C05-914C-70C42C5212C3}.Release|x64.Build.0 = Release|Any CPU
		{372F2CDC-E95F-4C05-914C-70C42C5212C3}.Release|x86.ActiveCfg = Release|Any CPU
		{372F2CDC-E95F-4C05-914C-70C42C5212C3}.Release|x86.Build.0 = Release|Any CPU
		{F7C9139B-4BD7-4D0E-8617-9F4A00219E06}.Debug|Any CPU.ActiveCfg = Debug|Any CPU
		{F7C9139B-4BD7-4D0E-8617-9F4A00219E06}.Debug|Any CPU.Build.0 = Debug|Any CPU
		{F7C9139B-4BD7-4D0E-8617-9F4A00219E06}.Debug|x64.ActiveCfg = Debug|Any CPU
		{F7C9139B-4BD7-4D0E-8617-9F4A00219E06}.Debug|x64.Build.0 = Debug|Any CPU
		{F7C9139B-4BD7-4D0E-8617-9F4A00219E06}.Debug|x86.ActiveCfg = Debug|Any CPU
		{F7C9139B-4BD7-4D0E-8617-9F4A00219E06}.Debug|x86.Build.0 = Debug|Any CPU
		{F7C9139B-4BD7-4D0E-8617-9F4A00219E06}.Release|Any CPU.ActiveCfg = Release|Any CPU
		{F7C9139B-4BD7-4D0E-8617-9F4A00219E06}.Release|Any CPU.Build.0 = Release|Any CPU
		{F7C9139B-4BD7-4D0E-8617-9F4A00219E06}.Release|x64.ActiveCfg = Release|Any CPU
		{F7C9139B-4BD7-4D0E-8617-9F4A00219E06}.Release|x64.Build.0 = Release|Any CPU
		{F7C9139B-4BD7-4D0E-8617-9F4A00219E06}.Release|x86.ActiveCfg = Release|Any CPU
		{F7C9139B-4BD7-4D0E-8617-9F4A00219E06}.Release|x86.Build.0 = Release|Any CPU
		{BD4619C9-305D-4D36-ADAC-1DEC273159E1}.Debug|Any CPU.ActiveCfg = Debug|Any CPU
		{BD4619C9-305D-4D36-ADAC-1DEC273159E1}.Debug|Any CPU.Build.0 = Debug|Any CPU
		{BD4619C9-305D-4D36-ADAC-1DEC273159E1}.Debug|x64.ActiveCfg = Debug|Any CPU
		{BD4619C9-305D-4D36-ADAC-1DEC273159E1}.Debug|x64.Build.0 = Debug|Any CPU
		{BD4619C9-305D-4D36-ADAC-1DEC273159E1}.Debug|x86.ActiveCfg = Debug|Any CPU
		{BD4619C9-305D-4D36-ADAC-1DEC273159E1}.Debug|x86.Build.0 = Debug|Any CPU
		{BD4619C9-305D-4D36-ADAC-1DEC273159E1}.Release|Any CPU.ActiveCfg = Release|Any CPU
		{BD4619C9-305D-4D36-ADAC-1DEC273159E1}.Release|Any CPU.Build.0 = Release|Any CPU
		{BD4619C9-305D-4D36-ADAC-1DEC273159E1}.Release|x64.ActiveCfg = Release|Any CPU
		{BD4619C9-305D-4D36-ADAC-1DEC273159E1}.Release|x64.Build.0 = Release|Any CPU
		{BD4619C9-305D-4D36-ADAC-1DEC273159E1}.Release|x86.ActiveCfg = Release|Any CPU
		{BD4619C9-305D-4D36-ADAC-1DEC273159E1}.Release|x86.Build.0 = Release|Any CPU
		{572DCBFE-4ABF-4067-B927-73692B6E8DED}.Debug|Any CPU.ActiveCfg = Debug|Any CPU
		{572DCBFE-4ABF-4067-B927-73692B6E8DED}.Debug|Any CPU.Build.0 = Debug|Any CPU
		{572DCBFE-4ABF-4067-B927-73692B6E8DED}.Debug|x64.ActiveCfg = Debug|Any CPU
		{572DCBFE-4ABF-4067-B927-73692B6E8DED}.Debug|x64.Build.0 = Debug|Any CPU
		{572DCBFE-4ABF-4067-B927-73692B6E8DED}.Debug|x86.ActiveCfg = Debug|Any CPU
		{572DCBFE-4ABF-4067-B927-73692B6E8DED}.Debug|x86.Build.0 = Debug|Any CPU
		{572DCBFE-4ABF-4067-B927-73692B6E8DED}.Release|Any CPU.ActiveCfg = Release|Any CPU
		{572DCBFE-4ABF-4067-B927-73692B6E8DED}.Release|Any CPU.Build.0 = Release|Any CPU
		{572DCBFE-4ABF-4067-B927-73692B6E8DED}.Release|x64.ActiveCfg = Release|Any CPU
		{572DCBFE-4ABF-4067-B927-73692B6E8DED}.Release|x64.Build.0 = Release|Any CPU
		{572DCBFE-4ABF-4067-B927-73692B6E8DED}.Release|x86.ActiveCfg = Release|Any CPU
		{572DCBFE-4ABF-4067-B927-73692B6E8DED}.Release|x86.Build.0 = Release|Any CPU
		{8E4DDC0A-0807-4BBE-82C3-562C201ED157}.Debug|Any CPU.ActiveCfg = Debug|Any CPU
		{8E4DDC0A-0807-4BBE-82C3-562C201ED157}.Debug|Any CPU.Build.0 = Debug|Any CPU
		{8E4DDC0A-0807-4BBE-82C3-562C201ED157}.Debug|x64.ActiveCfg = Debug|Any CPU
		{8E4DDC0A-0807-4BBE-82C3-562C201ED157}.Debug|x64.Build.0 = Debug|Any CPU
		{8E4DDC0A-0807-4BBE-82C3-562C201ED157}.Debug|x86.ActiveCfg = Debug|Any CPU
		{8E4DDC0A-0807-4BBE-82C3-562C201ED157}.Debug|x86.Build.0 = Debug|Any CPU
		{8E4DDC0A-0807-4BBE-82C3-562C201ED157}.Release|Any CPU.ActiveCfg = Release|Any CPU
		{8E4DDC0A-0807-4BBE-82C3-562C201ED157}.Release|Any CPU.Build.0 = Release|Any CPU
		{8E4DDC0A-0807-4BBE-82C3-562C201ED157}.Release|x64.ActiveCfg = Release|Any CPU
		{8E4DDC0A-0807-4BBE-82C3-562C201ED157}.Release|x64.Build.0 = Release|Any CPU
		{8E4DDC0A-0807-4BBE-82C3-562C201ED157}.Release|x86.ActiveCfg = Release|Any CPU
		{8E4DDC0A-0807-4BBE-82C3-562C201ED157}.Release|x86.Build.0 = Release|Any CPU
		{D630D12B-B3F9-46D1-9D87-575C5E1F93A6}.Debug|Any CPU.ActiveCfg = Debug|Any CPU
		{D630D12B-B3F9-46D1-9D87-575C5E1F93A6}.Debug|Any CPU.Build.0 = Debug|Any CPU
		{D630D12B-B3F9-46D1-9D87-575C5E1F93A6}.Debug|x64.ActiveCfg = Debug|Any CPU
		{D630D12B-B3F9-46D1-9D87-575C5E1F93A6}.Debug|x64.Build.0 = Debug|Any CPU
		{D630D12B-B3F9-46D1-9D87-575C5E1F93A6}.Debug|x86.ActiveCfg = Debug|Any CPU
		{D630D12B-B3F9-46D1-9D87-575C5E1F93A6}.Debug|x86.Build.0 = Debug|Any CPU
		{D630D12B-B3F9-46D1-9D87-575C5E1F93A6}.Release|Any CPU.ActiveCfg = Release|Any CPU
		{D630D12B-B3F9-46D1-9D87-575C5E1F93A6}.Release|Any CPU.Build.0 = Release|Any CPU
		{D630D12B-B3F9-46D1-9D87-575C5E1F93A6}.Release|x64.ActiveCfg = Release|Any CPU
		{D630D12B-B3F9-46D1-9D87-575C5E1F93A6}.Release|x64.Build.0 = Release|Any CPU
		{D630D12B-B3F9-46D1-9D87-575C5E1F93A6}.Release|x86.ActiveCfg = Release|Any CPU
		{D630D12B-B3F9-46D1-9D87-575C5E1F93A6}.Release|x86.Build.0 = Release|Any CPU
		{2A9EDE46-7B37-4E56-A216-6C549264060B}.Debug|Any CPU.ActiveCfg = Debug|Any CPU
		{2A9EDE46-7B37-4E56-A216-6C549264060B}.Debug|Any CPU.Build.0 = Debug|Any CPU
		{2A9EDE46-7B37-4E56-A216-6C549264060B}.Debug|x64.ActiveCfg = Debug|Any CPU
		{2A9EDE46-7B37-4E56-A216-6C549264060B}.Debug|x64.Build.0 = Debug|Any CPU
		{2A9EDE46-7B37-4E56-A216-6C549264060B}.Debug|x86.ActiveCfg = Debug|Any CPU
		{2A9EDE46-7B37-4E56-A216-6C549264060B}.Debug|x86.Build.0 = Debug|Any CPU
		{2A9EDE46-7B37-4E56-A216-6C549264060B}.Release|Any CPU.ActiveCfg = Release|Any CPU
		{2A9EDE46-7B37-4E56-A216-6C549264060B}.Release|Any CPU.Build.0 = Release|Any CPU
		{2A9EDE46-7B37-4E56-A216-6C549264060B}.Release|x64.ActiveCfg = Release|Any CPU
		{2A9EDE46-7B37-4E56-A216-6C549264060B}.Release|x64.Build.0 = Release|Any CPU
		{2A9EDE46-7B37-4E56-A216-6C549264060B}.Release|x86.ActiveCfg = Release|Any CPU
		{2A9EDE46-7B37-4E56-A216-6C549264060B}.Release|x86.Build.0 = Release|Any CPU
		{535F21A5-863F-4E51-B85D-DF6255A75592}.Debug|Any CPU.ActiveCfg = Debug|Any CPU
		{535F21A5-863F-4E51-B85D-DF6255A75592}.Debug|Any CPU.Build.0 = Debug|Any CPU
		{535F21A5-863F-4E51-B85D-DF6255A75592}.Debug|x64.ActiveCfg = Debug|Any CPU
		{535F21A5-863F-4E51-B85D-DF6255A75592}.Debug|x64.Build.0 = Debug|Any CPU
		{535F21A5-863F-4E51-B85D-DF6255A75592}.Debug|x86.ActiveCfg = Debug|Any CPU
		{535F21A5-863F-4E51-B85D-DF6255A75592}.Debug|x86.Build.0 = Debug|Any CPU
		{535F21A5-863F-4E51-B85D-DF6255A75592}.Release|Any CPU.ActiveCfg = Release|Any CPU
		{535F21A5-863F-4E51-B85D-DF6255A75592}.Release|Any CPU.Build.0 = Release|Any CPU
		{535F21A5-863F-4E51-B85D-DF6255A75592}.Release|x64.ActiveCfg = Release|Any CPU
		{535F21A5-863F-4E51-B85D-DF6255A75592}.Release|x64.Build.0 = Release|Any CPU
		{535F21A5-863F-4E51-B85D-DF6255A75592}.Release|x86.ActiveCfg = Release|Any CPU
		{535F21A5-863F-4E51-B85D-DF6255A75592}.Release|x86.Build.0 = Release|Any CPU
		{9E31101C-1E6A-4A4F-B1BE-B35EE9959C61}.Debug|Any CPU.ActiveCfg = Debug|Any CPU
		{9E31101C-1E6A-4A4F-B1BE-B35EE9959C61}.Debug|Any CPU.Build.0 = Debug|Any CPU
		{9E31101C-1E6A-4A4F-B1BE-B35EE9959C61}.Debug|x64.ActiveCfg = Debug|Any CPU
		{9E31101C-1E6A-4A4F-B1BE-B35EE9959C61}.Debug|x64.Build.0 = Debug|Any CPU
		{9E31101C-1E6A-4A4F-B1BE-B35EE9959C61}.Debug|x86.ActiveCfg = Debug|Any CPU
		{9E31101C-1E6A-4A4F-B1BE-B35EE9959C61}.Debug|x86.Build.0 = Debug|Any CPU
		{9E31101C-1E6A-4A4F-B1BE-B35EE9959C61}.Release|Any CPU.ActiveCfg = Release|Any CPU
		{9E31101C-1E6A-4A4F-B1BE-B35EE9959C61}.Release|Any CPU.Build.0 = Release|Any CPU
		{9E31101C-1E6A-4A4F-B1BE-B35EE9959C61}.Release|x64.ActiveCfg = Release|Any CPU
		{9E31101C-1E6A-4A4F-B1BE-B35EE9959C61}.Release|x64.Build.0 = Release|Any CPU
		{9E31101C-1E6A-4A4F-B1BE-B35EE9959C61}.Release|x86.ActiveCfg = Release|Any CPU
		{9E31101C-1E6A-4A4F-B1BE-B35EE9959C61}.Release|x86.Build.0 = Release|Any CPU
		{7ACE7A85-B835-42EC-A8B4-F610F010A0F3}.Debug|Any CPU.ActiveCfg = Debug|Any CPU
		{7ACE7A85-B835-42EC-A8B4-F610F010A0F3}.Debug|Any CPU.Build.0 = Debug|Any CPU
		{7ACE7A85-B835-42EC-A8B4-F610F010A0F3}.Debug|x64.ActiveCfg = Debug|Any CPU
		{7ACE7A85-B835-42EC-A8B4-F610F010A0F3}.Debug|x64.Build.0 = Debug|Any CPU
		{7ACE7A85-B835-42EC-A8B4-F610F010A0F3}.Debug|x86.ActiveCfg = Debug|Any CPU
		{7ACE7A85-B835-42EC-A8B4-F610F010A0F3}.Debug|x86.Build.0 = Debug|Any CPU
		{7ACE7A85-B835-42EC-A8B4-F610F010A0F3}.Release|Any CPU.ActiveCfg = Release|Any CPU
		{7ACE7A85-B835-42EC-A8B4-F610F010A0F3}.Release|Any CPU.Build.0 = Release|Any CPU
		{7ACE7A85-B835-42EC-A8B4-F610F010A0F3}.Release|x64.ActiveCfg = Release|Any CPU
		{7ACE7A85-B835-42EC-A8B4-F610F010A0F3}.Release|x64.Build.0 = Release|Any CPU
		{7ACE7A85-B835-42EC-A8B4-F610F010A0F3}.Release|x86.ActiveCfg = Release|Any CPU
		{7ACE7A85-B835-42EC-A8B4-F610F010A0F3}.Release|x86.Build.0 = Release|Any CPU
		{37A41CC9-D843-40DA-9231-E0BBBC8314A5}.Debug|Any CPU.ActiveCfg = Debug|Any CPU
		{37A41CC9-D843-40DA-9231-E0BBBC8314A5}.Debug|Any CPU.Build.0 = Debug|Any CPU
		{37A41CC9-D843-40DA-9231-E0BBBC8314A5}.Debug|x64.ActiveCfg = Debug|Any CPU
		{37A41CC9-D843-40DA-9231-E0BBBC8314A5}.Debug|x64.Build.0 = Debug|Any CPU
		{37A41CC9-D843-40DA-9231-E0BBBC8314A5}.Debug|x86.ActiveCfg = Debug|Any CPU
		{37A41CC9-D843-40DA-9231-E0BBBC8314A5}.Debug|x86.Build.0 = Debug|Any CPU
		{37A41CC9-D843-40DA-9231-E0BBBC8314A5}.Release|Any CPU.ActiveCfg = Release|Any CPU
		{37A41CC9-D843-40DA-9231-E0BBBC8314A5}.Release|Any CPU.Build.0 = Release|Any CPU
		{37A41CC9-D843-40DA-9231-E0BBBC8314A5}.Release|x64.ActiveCfg = Release|Any CPU
		{37A41CC9-D843-40DA-9231-E0BBBC8314A5}.Release|x64.Build.0 = Release|Any CPU
		{37A41CC9-D843-40DA-9231-E0BBBC8314A5}.Release|x86.ActiveCfg = Release|Any CPU
		{37A41CC9-D843-40DA-9231-E0BBBC8314A5}.Release|x86.Build.0 = Release|Any CPU
	EndGlobalSection
	GlobalSection(SolutionProperties) = preSolution
		HideSolutionNode = FALSE
	EndGlobalSection
	GlobalSection(NestedProjects) = preSolution
		{CAF6804E-1652-4317-A023-FCF92D81B833} = {946A4E99-4DC0-4A38-8BF6-46DEA3CB1251}
		{EA02F25B-B85D-4B38-9778-7F59C4C74FE9} = {946A4E99-4DC0-4A38-8BF6-46DEA3CB1251}
		{B59B05F5-730D-4933-B81A-7D4469BB389C} = {EA02F25B-B85D-4B38-9778-7F59C4C74FE9}
		{232418C7-E8D1-4815-98F9-27C860672C73} = {EA02F25B-B85D-4B38-9778-7F59C4C74FE9}
		{33806D77-99AE-486C-8E4E-92D6CCA87E8F} = {EA02F25B-B85D-4B38-9778-7F59C4C74FE9}
		{941C5DC7-02E5-4AB9-AC43-B2943A3ADDDD} = {946A4E99-4DC0-4A38-8BF6-46DEA3CB1251}
		{102749CF-FD0F-43A9-8BE3-29CE992DC751} = {941C5DC7-02E5-4AB9-AC43-B2943A3ADDDD}
		{BFFFF3A3-D9BC-4D71-B996-8B372B6B28DE} = {102749CF-FD0F-43A9-8BE3-29CE992DC751}
		{73AC427A-7D20-407A-9F2D-44C816FB6A15} = {102749CF-FD0F-43A9-8BE3-29CE992DC751}
		{93166828-1117-4C7B-B321-432B4831EC58} = {102749CF-FD0F-43A9-8BE3-29CE992DC751}
		{1954FA8D-7A7E-42F7-B92E-1187F56F0051} = {490F0ECE-E9CA-4679-86C5-7B785F0B09D2}
		{20EA3F28-8DB7-455E-9F41-8DD51EE4BE17} = {1954FA8D-7A7E-42F7-B92E-1187F56F0051}
		{AB993006-C152-4C7A-B0FE-C5F90C871451} = {1954FA8D-7A7E-42F7-B92E-1187F56F0051}
		{4AC0DB43-965B-4370-BFE6-B4D976C40237} = {490F0ECE-E9CA-4679-86C5-7B785F0B09D2}
		{196E16A3-8377-4E42-9D47-8ABE8887B199} = {4AC0DB43-965B-4370-BFE6-B4D976C40237}
		{7316CD61-2DE2-46B8-888B-03BB1125F1A5} = {490F0ECE-E9CA-4679-86C5-7B785F0B09D2}
		{7D65AF61-16D5-40C9-BBF5-645BD0B0EFD9} = {7316CD61-2DE2-46B8-888B-03BB1125F1A5}
		{98348E38-07A7-4398-A410-997BE6BDDA4D} = {7D65AF61-16D5-40C9-BBF5-645BD0B0EFD9}
		{E0CD6E1D-A882-4858-BC75-5976943E70C6} = {7D65AF61-16D5-40C9-BBF5-645BD0B0EFD9}
		{CDA902DC-5F9D-4E51-8C5E-B4DF105CDF4A} = {7D65AF61-16D5-40C9-BBF5-645BD0B0EFD9}
		{2F9B575F-3B1B-4361-A5C1-6748A2237278} = {1954FA8D-7A7E-42F7-B92E-1187F56F0051}
		{D41EF59B-94DD-8F5E-06DC-E7DE3AEE5F94} = {490F0ECE-E9CA-4679-86C5-7B785F0B09D2}
		{5863BF69-495F-4BFA-AE4D-1E7C67E488D0} = {D41EF59B-94DD-8F5E-06DC-E7DE3AEE5F94}
		{7712DC8E-8596-4E5A-A84C-93B50A90FFF7} = {941C5DC7-02E5-4AB9-AC43-B2943A3ADDDD}
		{0051926D-8DDE-49C0-870A-C5C526BAA2E1} = {7712DC8E-8596-4E5A-A84C-93B50A90FFF7}
		{372F2CDC-E95F-4C05-914C-70C42C5212C3} = {7712DC8E-8596-4E5A-A84C-93B50A90FFF7}
		{F7C9139B-4BD7-4D0E-8617-9F4A00219E06} = {7712DC8E-8596-4E5A-A84C-93B50A90FFF7}
		{45708E59-E6DB-4E80-8D48-98EFBF80C4A6} = {7316CD61-2DE2-46B8-888B-03BB1125F1A5}
		{BD4619C9-305D-4D36-ADAC-1DEC273159E1} = {45708E59-E6DB-4E80-8D48-98EFBF80C4A6}
		{572DCBFE-4ABF-4067-B927-73692B6E8DED} = {45708E59-E6DB-4E80-8D48-98EFBF80C4A6}
		{8E4DDC0A-0807-4BBE-82C3-562C201ED157} = {45708E59-E6DB-4E80-8D48-98EFBF80C4A6}
		{E251C441-73E6-40B4-A01E-2D1900F968D1} = {941C5DC7-02E5-4AB9-AC43-B2943A3ADDDD}
		{D630D12B-B3F9-46D1-9D87-575C5E1F93A6} = {E251C441-73E6-40B4-A01E-2D1900F968D1}
		{2A9EDE46-7B37-4E56-A216-6C549264060B} = {E251C441-73E6-40B4-A01E-2D1900F968D1}
		{535F21A5-863F-4E51-B85D-DF6255A75592} = {E251C441-73E6-40B4-A01E-2D1900F968D1}
		{9E31101C-1E6A-4A4F-B1BE-B35EE9959C61} = {E251C441-73E6-40B4-A01E-2D1900F968D1}
		{024D0B42-BAC2-425D-BF27-B199073B0FF5} = {7316CD61-2DE2-46B8-888B-03BB1125F1A5}
		{7ACE7A85-B835-42EC-A8B4-F610F010A0F3} = {024D0B42-BAC2-425D-BF27-B199073B0FF5}
		{37A41CC9-D843-40DA-9231-E0BBBC8314A5} = {024D0B42-BAC2-425D-BF27-B199073B0FF5}
	EndGlobalSection
EndGlobal
