<Solution>
  <Folder Name="/src/">
    <Project Path="src/Axis.Configuration/Axis.Configuration.csproj" />
    <Project Path="src/Axis.Core/Axis.Core.csproj" />
    <Project Path="src/Axis.Data/Axis.Data.csproj" />
    <Project Path="src/Axis.Expressions/Axis.Expressions.csproj" />
    <Project Path="src/Axis.Presentation/Axis.Presentation.csproj" />
    <Project Path="src/Axis.Server/Axis.Server.csproj" />
    <Project Path="src/Axis.Tenancy/Axis.Tenancy.csproj" />
  </Folder>
  <Folder Name="/tests/">
    <Project Path="tests/Axis.Configuration.Tests/Axis.Configuration.Tests.csproj" />
    <Project Path="tests/Axis.Data.Tests/Axis.Data.Tests.csproj" />
    <Project Path="tests/Axis.Expressions.Tests/Axis.Expressions.Tests.csproj" />
    <Project Path="tests/Axis.Integration.Tests/Axis.Integration.Tests.csproj" />
    <Project Path="tests/Axis.Server.Tests/Axis.Server.Tests.csproj" />
    <Project Path="tests/Axis.Tenancy.Tests/Axis.Tenancy.Tests.csproj" />
  </Folder>
</Solution>
