{
  "version": 2,
  "dependencies": {
    "net10.0": {
      "Microsoft.VisualStudio.Threading.Analyzers": {
        "type": "Direct",
        "requested": "[17.14.15, )",
        "resolved": "17.14.15",
        "contentHash": "mXQPJsbuUD2ydq4/ffd8h8tSOFCXec+2xJOVNCvXjuMOq/+5EKHq3D2m2MC2+nUaXeFMSt66VS/J4HdKBixgcw=="
      },
      "OpenTelemetry.Exporter.OpenTelemetryProtocol": {
        "type": "Direct",
        "requested": "[1.15.3, )",
        "resolved": "1.15.3",
        "contentHash": "FEXJepcseTGbATiCkUfP7ipoFEYYfl/0UmmUwi0KxCPg9PaUA8ab2P1LGopK+/HExasJ1ZutFhZrN6WvUIR23g==",
        "dependencies": {
          "OpenTelemetry": "1.15.3"
        }
      },
      "OpenTelemetry.Exporter.Prometheus.AspNetCore": {
        "type": "Direct",
        "requested": "[1.15.0-beta.1, )",
        "resolved": "1.15.0-beta.1",
        "contentHash": "015RkS1PLohpIRXQA9mhi+KLUSIz4kdZ683ur1IIJ1YuCT1sf0maXTKZ3zNy6JtBzBXCIUmzt8ug1lRK8qLQ0A==",
        "dependencies": {
          "OpenTelemetry": "[1.15.0, 2.0.0)"
        }
      },
      "OpenTelemetry.Extensions.Hosting": {
        "type": "Direct",
        "requested": "[1.15.3, )",
        "resolved": "1.15.3",
        "contentHash": "u8n/W8yIlqv0BXZmvId1iVaeWXG42tGKdTkuLYg5g57Y/r9CeUNzqtrSHNdG5IoO8iPX79w3v+WsbAHgUQbfeg==",
        "dependencies": {
          "OpenTelemetry": "1.15.3"
        }
      },
      "OpenTelemetry.Instrumentation.AspNetCore": {
        "type": "Direct",
        "requested": "[1.15.2, )",
        "resolved": "1.15.2",
        "contentHash": "2nPd7r0ug/gd6/CNFL6Rlu+RSQ9WYGSGHAYQ1ssbSqyzKJpqTunfx2I/1O0WB5k+L0cyXbG4XVZpoSoUc3M7wg==",
        "dependencies": {
          "OpenTelemetry.Api.ProviderBuilderExtensions": "[1.15.3, 2.0.0)"
        }
      },
      "OpenTelemetry.Instrumentation.EntityFrameworkCore": {
        "type": "Direct",
        "requested": "[1.15.0-beta.1, )",
        "resolved": "1.15.0-beta.1",
        "contentHash": "N01GzP+r8lpSBiqjRX0/WjSp17r+zk6dKvGKthiASyFzF44lrJo8cA3ihXnw3p4Rnqg1mVjOYy19R6iJ84NTpg==",
        "dependencies": {
          "OpenTelemetry.Api.ProviderBuilderExtensions": "[1.15.0, 2.0.0)"
        }
      },
      "OpenTelemetry.Instrumentation.Http": {
        "type": "Direct",
        "requested": "[1.15.1, )",
        "resolved": "1.15.1",
        "contentHash": "vFO4Fj/dXkoVNGo/nhoGpO2zYQmZwr4jTID7oRGo+XlQ8LqksyZjUXQ4p39RfUvTID7IzzL8Qe71tW7CcAFymA==",
        "dependencies": {
          "OpenTelemetry.Api.ProviderBuilderExtensions": "[1.15.3, 2.0.0)"
        }
      },
      "MediatR.Contracts": {
        "type": "Transitive",
        "resolved": "2.0.1",
        "contentHash": "FYv95bNT4UwcNA+G/J1oX5OpRiSUxteXaUt2BJbRSdRNiIUNbggJF69wy6mnk2wYToaanpdXZdCwVylt96MpwQ=="
      },
      "OpenTelemetry": {
        "type": "Transitive",
        "resolved": "1.15.3",
        "contentHash": "N0i6WjPoHPbZyms1ugbDIFAJFuGlpeExJMU/+XSL0lQRUkg/D0utFkDoLXf8Z1km5B+xVZ2GyMXXiX8qdeNmPg==",
        "dependencies": {
          "OpenTelemetry.Api.ProviderBuilderExtensions": "1.15.3"
        }
      },
      "OpenTelemetry.Api": {
        "type": "Transitive",
        "resolved": "1.15.3",
        "contentHash": "fX+fkCysfPut+qCcT3bKqyX4QN9Saf4CgX8HLOHywEVD+Xr7sULtfuypITpoDysjx8R59dn/3mWhgimMH8cm/g=="
      },
      "OpenTelemetry.Api.ProviderBuilderExtensions": {
        "type": "Transitive",
        "resolved": "1.15.3",
        "contentHash": "SYn0lqYDwLMWhv/zlNGsQcl2yX++yTumanX46bmOZE/ZDOd1WjPBO2kZaZgKLEZTZk48pavIFGJ6vOvxXgWVFQ==",
        "dependencies": {
          "OpenTelemetry.Api": "1.15.3"
        }
      },
      "axis.shared.application": {
        "type": "Project",
        "dependencies": {
          "Axis.Shared.Domain": "[1.0.0, )",
          "FluentValidation": "[12.1.1, )",
          "MediatR": "[12.5.0, )"
        }
      },
      "axis.shared.domain": {
        "type": "Project"
      },
      "FluentValidation": {
        "type": "CentralTransitive",
        "requested": "[12.1.1, )",
        "resolved": "12.1.1",
        "contentHash": "EPpkIe1yh1a0OXyC100oOA8WMbZvqUu5plwhvYcb7oSELfyUZzfxV48BLhvs3kKo4NwG7MGLNgy1RJiYtT8Dpw=="
      },
      "MediatR": {
        "type": "CentralTransitive",
        "requested": "[12.5.0, )",
        "resolved": "12.5.0",
        "contentHash": "vqm2H8/nqL5NAJHPhsG1JOPwfkmbVrPyh4svdoRzu+uZh6Ex7PRoHBGsLYC0/RWCEJFqD1ohHNpteQvql9OktA==",
        "dependencies": {
          "MediatR.Contracts": "[2.0.1, 3.0.0)"
        }
      }
    }
  }
}